
Microsoft Visual Studio Solution File, Format Version 12.00
# Visual Studio Version 17
VisualStudioVersion = 17.0.31903.59
MinimumVisualStudioVersion = 10.0.40219.1
Project("{2150E333-8FDC-42A3-9474-1A3956D46DE8}") = "src", "src", "{04E4F84A-F6DC-49AB-B2E4-5F36603D417C}"
EndProject
Project("{FAE04EC0-301F-11D3-BF4B-00C04F79EFBC}") = "Sim", "src\Sim\Sim.csproj", "{97491EAA-2592-4562-85B7-599A3A314D7C}"
EndProject
Project("{FAE04EC0-301F-11D3-BF4B-00C04F79EFBC}") = "UnityView", "src\Unity\UnityView.csproj", "{73FB8252-41F8-472B-BBF3-B0ABDE19CCBD}"
EndProject
Project("{2150E333-8FDC-42A3-9474-1A3956D46DE8}") = "tests", "tests", "{D8DA6C11-03E3-4ADE-A5DB-F370AD8AF578}"
EndProject
Project("{FAE04EC0-301F-11D3-BF4B-00C04F79EFBC}") = "SimTests", "tests\SimTests\SimTests.csproj", "{43AB7230-6BC5-46FE-A496-792BE7477651}"
EndProject
Project("{FAE04EC0-301F-11D3-BF4B-00C04F79EFBC}") = "SimRunner", "src\SimRunner\SimRunner.csproj", "{1CADEDDA-0A2D-440F-84EC-4E648B777C93}"
EndProject
Global
	GlobalSection(SolutionConfigurationPlatforms) = preSolution
		Debug|Any CPU = Debug|Any CPU
		Release|Any CPU = Release|Any CPU
	EndGlobalSection
	GlobalSection(SolutionProperties) = preSolution
		HideSolutionNode = FALSE
	EndGlobalSection
	GlobalSection(ProjectConfigurationPlatforms) = postSolution
		{97491EAA-2592-4562-85B7-599A3A314D7C}.Debug|Any CPU.ActiveCfg = Debug|Any CPU
		{97491EAA-2592-4562-85B7-599A3A314D7C}.Debug|Any CPU.Build.0 = Debug|Any CPU
		{97491EAA-2592-4562-85B7-599A3A314D7C}.Release|Any CPU.ActiveCfg = Release|Any CPU
		{97491EAA-2592-4562-85B7-599A3A314D7C}.Release|Any CPU.Build.0 = Release|Any CPU
		{73FB8252-41F8-472B-BBF3-B0ABDE19CCBD}.Debug|Any CPU.ActiveCfg = Debug|Any CPU
		{73FB8252-41F8-472B-BBF3-B0ABDE19CCBD}.Debug|Any CPU.Build.0 = Debug|Any CPU
		{73FB8252-41F8-472B-BBF3-B0ABDE19CCBD}.Release|Any CPU.ActiveCfg = Release|Any CPU
		{73FB8252-41F8-472B-BBF3-B0ABDE19CCBD}.Release|Any CPU.Build.0 = Release|Any CPU
		{43AB7230-6BC5-46FE-A496-792BE7477651}.Debug|Any CPU.ActiveCfg = Debug|Any CPU
		{43AB7230-6BC5-46FE-A496-792BE7477651}.Debug|Any CPU.Build.0 = Debug|Any CPU
		{43AB7230-6BC5-46FE-A496-792BE7477651}.Release|Any CPU.ActiveCfg = Release|Any CPU
		{43AB7230-6BC5-46FE-A496-792BE7477651}.Release|Any CPU.Build.0 = Release|Any CPU
		{1CADEDDA-0A2D-440F-84EC-4E648B777C93}.Debug|Any CPU.ActiveCfg = Debug|Any CPU
		{1CADEDDA-0A2D-440F-84EC-4E648B777C93}.Debug|Any CPU.Build.0 = Debug|Any CPU
		{1CADEDDA-0A2D-440F-84EC-4E648B777C93}.Release|Any CPU.ActiveCfg = Release|Any CPU
		{1CADEDDA-0A2D-440F-84EC-4E648B777C93}.Release|Any CPU.Build.0 = Release|Any CPU
	EndGlobalSection
	GlobalSection(NestedProjects) = preSolution
		{97491EAA-2592-4562-85B7-599A3A314D7C} = {04E4F84A-F6DC-49AB-B2E4-5F36603D417C}
		{73FB8252-41F8-472B-BBF3-B0ABDE19CCBD} = {04E4F84A-F6DC-49AB-B2E4-5F36603D417C}
		{43AB7230-6BC5-46FE-A496-792BE7477651} = {D8DA6C11-03E3-4ADE-A5DB-F370AD8AF578}
		{1CADEDDA-0A2D-440F-84EC-4E648B777C93} = {04E4F84A-F6DC-49AB-B2E4-5F36603D417C}
	EndGlobalSection
EndGlobal
